
Microsoft Visual Studio Solution File, Format Version 12.00
# Visual Studio Version 17
VisualStudioVersion = 17.11.35312.102
MinimumVisualStudioVersion = 10.0.40219.1
Project("{9A19103F-16F7-4668-BE54-9A1E7A4F7556}") = "WPADotNetCore.ConsoleApp", "WPADotNetCore.ConsoleApp\WPADotNetCore.ConsoleApp.csproj", "{F3693196-7FDC-46A5-8DE4-A62E6F4B3444}"
EndProject
Project("{9A19103F-16F7-4668-BE54-9A1E7A4F7556}") = "WPADotNetCore.RestApi", "WPADotNetCore.RestApi\WPADotNetCore.RestApi.csproj", "{A4F3F9BE-BDF5-4F4E-B882-0DF0C4418A77}"
EndProject
Project("{FAE04EC0-301F-11D3-BF4B-00C04F79EFBC}") = "WPADotNetCore.Databases", "WPADotNetCore.Databases\WPADotNetCore.Databases.csproj", "{66FA490B-2F0A-47E9-A237-C5851EDA0EE2}"
EndProject
Global
	GlobalSection(SolutionConfigurationPlatforms) = preSolution
		Debug|Any CPU = Debug|Any CPU
		Release|Any CPU = Release|Any CPU
	EndGlobalSection
	GlobalSection(ProjectConfigurationPlatforms) = postSolution
		{F3693196-7FDC-46A5-8DE4-A62E6F4B3444}.Debug|Any CPU.ActiveCfg = Debug|Any CPU
		{F3693196-7FDC-46A5-8DE4-A62E6F4B3444}.Debug|Any CPU.Build.0 = Debug|Any CPU
		{F3693196-7FDC-46A5-8DE4-A62E6F4B3444}.Release|Any CPU.ActiveCfg = Release|Any CPU
		{F3693196-7FDC-46A5-8DE4-A62E6F4B3444}.Release|Any CPU.Build.0 = Release|Any CPU
		{A4F3F9BE-BDF5-4F4E-B882-0DF0C4418A77}.Debug|Any CPU.ActiveCfg = Debug|Any CPU
		{A4F3F9BE-BDF5-4F4E-B882-0DF0C4418A77}.Debug|Any CPU.Build.0 = Debug|Any CPU
		{A4F3F9BE-BDF5-4F4E-B882-0DF0C4418A77}.Release|Any CPU.ActiveCfg = Release|Any CPU
		{A4F3F9BE-BDF5-4F4E-B882-0DF0C4418A77}.Release|Any CPU.Build.0 = Release|Any CPU
		{66FA490B-2F0A-47E9-A237-C5851EDA0EE2}.Debug|Any CPU.ActiveCfg = Debug|Any CPU
		{66FA490B-2F0A-47E9-A237-C5851EDA0EE2}.Debug|Any CPU.Build.0 = Debug|Any CPU
		{66FA490B-2F0A-47E9-A237-C5851EDA0EE2}.Release|Any CPU.ActiveCfg = Release|Any CPU
		{66FA490B-2F0A-47E9-A237-C5851EDA0EE2}.Release|Any CPU.Build.0 = Release|Any CPU
	EndGlobalSection
	GlobalSection(SolutionProperties) = preSolution
		HideSolutionNode = FALSE
	EndGlobalSection
	GlobalSection(ExtensibilityGlobals) = postSolution
		SolutionGuid = {F0EDDC15-DA4D-48BC-9529-3013FEE21459}
	EndGlobalSection
EndGlobal
